
Microsoft Visual Studio Solution File, Format Version 12.00
# Visual Studio Version 17
VisualStudioVersion = 17.0.31912.275
MinimumVisualStudioVersion = 10.0.40219.1
Project("{9A19103F-16F7-4668-BE54-9A1E7A4F7556}") = "FluentAssertions.Xswift", "src\FluentAssertions.Xswift.csproj", "{05A5D17E-EB9F-4B58-8782-39FBB0BF5EA0}"
EndProject
Project("{9A19103F-16F7-4668-BE54-9A1E7A4F7556}") = "FluentAssertions.Xswift.Test", "test\FluentAssertions.Xswift.Test.csproj", "{DFBD8FBE-96C7-4DD7-B4F5-CC4D064557B2}"
EndProject
Global
	GlobalSection(SolutionConfigurationPlatforms) = preSolution
		Debug|Any CPU = Debug|Any CPU
		Release|Any CPU = Release|Any CPU
	EndGlobalSection
	GlobalSection(ProjectConfigurationPlatforms) = postSolution
		{05A5D17E-EB9F-4B58-8782-39FBB0BF5EA0}.Debug|Any CPU.ActiveCfg = Debug|Any CPU
		{05A5D17E-EB9F-4B58-8782-39FBB0BF5EA0}.Debug|Any CPU.Build.0 = Debug|Any CPU
		{05A5D17E-EB9F-4B58-8782-39FBB0BF5EA0}.Release|Any CPU.ActiveCfg = Release|Any CPU
		{05A5D17E-EB9F-4B58-8782-39FBB0BF5EA0}.Release|Any CPU.Build.0 = Release|Any CPU
		{DFBD8FBE-96C7-4DD7-B4F5-CC4D064557B2}.Debug|Any CPU.ActiveCfg = Debug|Any CPU
		{DFBD8FBE-96C7-4DD7-B4F5-CC4D064557B2}.Debug|Any CPU.Build.0 = Debug|Any CPU
		{DFBD8FBE-96C7-4DD7-B4F5-CC4D064557B2}.Release|Any CPU.ActiveCfg = Release|Any CPU
		{DFBD8FBE-96C7-4DD7-B4F5-CC4D064557B2}.Release|Any CPU.Build.0 = Release|Any CPU
	EndGlobalSection
	GlobalSection(SolutionProperties) = preSolution
		HideSolutionNode = FALSE
	EndGlobalSection
	GlobalSection(ExtensibilityGlobals) = postSolution
		SolutionGuid = {17274BF8-2414-432B-8CB2-641D15C801CA}
	EndGlobalSection
EndGlobal
